// !$*UTF8*$!
{
	archiveVersion = 1;
	classes = {
	};
	objectVersion = 50;
	objects = {

/* Begin PBXBuildFile section */
		3695BC60CC974D631C77AA88 /* Pods_lab10.framework in Frameworks */ = {isa = PBXBuildFile; fileRef = 4D82136F0A2D9765AAA516C2 /* Pods_lab10.framework */; };
		A57F103A26F642E1007CFBA0 /* lab10App.swift in Sources */ = {isa = PBXBuildFile; fileRef = A57F103926F642E1007CFBA0 /* lab10App.swift */; };
		A57F103C26F642E1007CFBA0 /* ContentView.swift in Sources */ = {isa = PBXBuildFile; fileRef = A57F103B26F642E1007CFBA0 /* ContentView.swift */; };
		A57F103E26F642EA007CFBA0 /* Assets.xcassets in Resources */ = {isa = PBXBuildFile; fileRef = A57F103D26F642EA007CFBA0 /* Assets.xcassets */; };
		A57F104126F642EA007CFBA0 /* Preview Assets.xcassets in Resources */ = {isa = PBXBuildFile; fileRef = A57F104026F642EA007CFBA0 /* Preview Assets.xcassets */; };
/* End PBXBuildFile section */

/* Begin PBXFileReference section */
		4D82136F0A2D9765AAA516C2 /* Pods_lab10.framework */ = {isa = PBXFileReference; explicitFileType = wrapper.framework; includeInIndex = 0; path = Pods_lab10.framework; sourceTree = BUILT_PRODUCTS_DIR; };
		A57F103626F642E1007CFBA0 /* lab10.app */ = {isa = PBXFileReference; explicitFileType = wrapper.application; includeInIndex = 0; path = lab10.app; sourceTree = BUILT_PRODUCTS_DIR; };
		A57F103926F642E1007CFBA0 /* lab10App.swift */ = {isa = PBXFileReference; lastKnownFileType = sourcecode.swift; path = lab10App.swift; sourceTree = "<group>"; };
		A57F103B26F642E1007CFBA0 /* ContentView.swift */ = {isa = PBXFileReference; lastKnownFileType = sourcecode.swift; path = ContentView.swift; sourceTree = "<group>"; };
		A57F103D26F642EA007CFBA0 /* Assets.xcassets */ = {isa = PBXFileReference; lastKnownFileType = folder.assetcatalog; path = Assets.xcassets; sourceTree = "<group>"; };
		A57F104026F642EA007CFBA0 /* Preview Assets.xcassets */ = {isa = PBXFileReference; lastKnownFileType = folder.assetcatalog; path = "Preview Assets.xcassets"; sourceTree = "<group>"; };
		A57F104226F642EA007CFBA0 /* Info.plist */ = {isa = PBXFileReference; lastKnownFileType = text.plist.xml; path = Info.plist; sourceTree = "<group>"; };
		AF3354801D1504A32637EC86 /* Pods-lab10.debug.xcconfig */ = {isa = PBXFileReference; includeInIndex = 1; lastKnownFileType = text.xcconfig; name = "Pods-lab10.debug.xcconfig"; path = "Target Support Files/Pods-lab10/Pods-lab10.debug.xcconfig"; sourceTree = "<group>"; };
		E380195D5E68364389BFD966 /* Pods-lab10.release.xcconfig */ = {isa = PBXFileReference; includeInIndex = 1; lastKnownFileType = text.xcconfig; name = "Pods-lab10.release.xcconfig"; path = "Target Support Files/Pods-lab10/Pods-lab10.release.xcconfig"; sourceTree = "<group>"; };
/* End PBXFileReference section */

/* Begin PBXFrameworksBuildPhase section */
		A57F103326F642E1007CFBA0 /* Frameworks */ = {
			isa = PBXFrameworksBuildPhase;
			buildActionMask = 2147483647;
			files = (
				3695BC60CC974D631C77AA88 /* Pods_lab10.framework in Frameworks */,
			);
			runOnlyForDeploymentPostprocessing = 0;
		};
/* End PBXFrameworksBuildPhase section */

/* Begin PBXGroup section */
		08D5B3FA0F21965A2896BF62 /* Pods */ = {
			isa = PBXGroup;
			children = (
				AF3354801D1504A32637EC86 /* Pods-lab10.debug.xcconfig */,
				E380195D5E68364389BFD966 /* Pods-lab10.release.xcconfig */,
			);
			name = Pods;
			path = Pods;
			sourceTree = "<group>";
		};
		6EF6BD3F8A3593F6210CEC8E /* Frameworks */ = {
			isa = PBXGroup;
			children = (
				4D82136F0A2D9765AAA516C2 /* Pods_lab10.framework */,
			);
			name = Frameworks;
			sourceTree = "<group>";
		};
		A57F102D26F642E1007CFBA0 = {
			isa = PBXGroup;
			children = (
				A57F103826F642E1007CFBA0 /* lab10 */,
				A57F103726F642E1007CFBA0 /* Products */,
				08D5B3FA0F21965A2896BF62 /* Pods */,
				6EF6BD3F8A3593F6210CEC8E /* Frameworks */,
			);
			sourceTree = "<group>";
		};
		A57F103726F642E1007CFBA0 /* Products */ = {
			isa = PBXGroup;
			children = (
				A57F103626F642E1007CFBA0 /* lab10.app */,
			);
			name = Products;
			sourceTree = "<group>";
		};
		A57F103826F642E1007CFBA0 /* lab10 */ = {
			isa = PBXGroup;
			children = (
				A57F103926F642E1007CFBA0 /* lab10App.swift */,
				A57F103B26F642E1007CFBA0 /* ContentView.swift */,
				A57F103D26F642EA007CFBA0 /* Assets.xcassets */,
				A57F104226F642EA007CFBA0 /* Info.plist */,
				A57F103F26F642EA007CFBA0 /* Preview Content */,
			);
			path = lab10;
			sourceTree = "<group>";
		};
		A57F103F26F642EA007CFBA0 /* Preview Content */ = {
			isa = PBXGroup;
			children = (
				A57F104026F642EA007CFBA0 /* Preview Assets.xcassets */,
			);
			path = "Preview Content";
			sourceTree = "<group>";
		};
/* End PBXGroup section */

/* Begin PBXNativeTarget section */
		A57F103526F642E1007CFBA0 /* lab10 */ = {
			isa = PBXNativeTarget;
			buildConfigurationList = A57F104526F642EA007CFBA0 /* Build configuration list for PBXNativeTarget "lab10" */;
			buildPhases = (
				0F394672481AE1CC4C67CF05 /* [CP] Check Pods Manifest.lock */,
				A57F103226F642E1007CFBA0 /* Sources */,
				A57F103326F642E1007CFBA0 /* Frameworks */,
				A57F103426F642E1007CFBA0 /* Resources */,
				8B13CD588F0E4D70723ECA9A /* [CP] Embed Pods Frameworks */,
			);
			buildRules = (
			);
			dependencies = (
			);
			name = lab10;
			productName = lab10;
			productReference = A57F103626F642E1007CFBA0 /* lab10.app */;
			productType = "com.apple.product-type.application";
		};
/* End PBXNativeTarget section */

/* Begin PBXProject section */
		A57F102E26F642E1007CFBA0 /* Project object */ = {
			isa = PBXProject;
			attributes = {
				LastSwiftUpdateCheck = 1250;
				LastUpgradeCheck = 1250;
				TargetAttributes = {
					A57F103526F642E1007CFBA0 = {
						CreatedOnToolsVersion = 12.5.1;
					};
				};
			};
			buildConfigurationList = A57F103126F642E1007CFBA0 /* Build configuration list for PBXProject "lab10" */;
			compatibilityVersion = "Xcode 9.3";
			developmentRegion = en;
			hasScannedForEncodings = 0;
			knownRegions = (
				en,
				Base,
			);
			mainGroup = A57F102D26F642E1007CFBA0;
			productRefGroup = A57F103726F642E1007CFBA0 /* Products */;
			projectDirPath = "";
			projectRoot = "";
			targets = (
				A57F103526F642E1007CFBA0 /* lab10 */,
			);
		};
/* End PBXProject section */

/* Begin PBXResourcesBuildPhase section */
		A57F103426F642E1007CFBA0 /* Resources */ = {
			isa = PBXResourcesBuildPhase;
			buildActionMask = 2147483647;
			files = (
				A57F104126F642EA007CFBA0 /* Preview Assets.xcassets in Resources */,
				A57F103E26F642EA007CFBA0 /* Assets.xcassets in Resources */,
			);
			runOnlyForDeploymentPostprocessing = 0;
		};
/* End PBXResourcesBuildPhase section */

/* Begin PBXShellScriptBuildPhase section */
		0F394672481AE1CC4C67CF05 /* [CP] Check Pods Manifest.lock */ = {
			isa = PBXShellScriptBuildPhase;
			buildActionMask = 2147483647;
			files = (
			);
			inputFileListPaths = (
			);
			inputPaths = (
				"${PODS_PODFILE_DIR_PATH}/Podfile.lock",
				"${PODS_ROOT}/Manifest.lock",
			);
			name = "[CP] Check Pods Manifest.lock";
			outputFileListPaths = (
			);
			outputPaths = (
				"$(DERIVED_FILE_DIR)/Pods-lab10-checkManifestLockResult.txt",
			);
			runOnlyForDeploymentPostprocessing = 0;
			shellPath = /bin/sh;
			shellScript = "diff \"${PODS_PODFILE_DIR_PATH}/Podfile.lock\" \"${PODS_ROOT}/Manifest.lock\" > /dev/null\nif [ $? != 0 ] ; then\n    # print error to STDERR\n    echo \"error: The sandbox is not in sync with the Podfile.lock. Run 'pod install' or update your CocoaPods installation.\" >&2\n    exit 1\nfi\n# This output is used by Xcode 'outputs' to avoid re-running this script phase.\necho \"SUCCESS\" > \"${SCRIPT_OUTPUT_FILE_0}\"\n";
			showEnvVarsInLog = 0;
		};
		8B13CD588F0E4D70723ECA9A /* [CP] Embed Pods Frameworks */ = {
			isa = PBXShellScriptBuildPhase;
			buildActionMask = 2147483647;
			files = (
			);
			inputFileListPaths = (
				"${PODS_ROOT}/Target Support Files/Pods-lab10/Pods-lab10-frameworks-${CONFIGURATION}-input-files.xcfilelist",
			);
			name = "[CP] Embed Pods Frameworks";
			outputFileListPaths = (
				"${PODS_ROOT}/Target Support Files/Pods-lab10/Pods-lab10-frameworks-${CONFIGURATION}-output-files.xcfilelist",
			);
			runOnlyForDeploymentPostprocessing = 0;
			shellPath = /bin/sh;
			shellScript = "\"${PODS_ROOT}/Target Support Files/Pods-lab10/Pods-lab10-frameworks.sh\"\n";
			showEnvVarsInLog = 0;
		};
/* End PBXShellScriptBuildPhase section */

/* Begin PBXSourcesBuildPhase section */
		A57F103226F642E1007CFBA0 /* Sources */ = {
			isa = PBXSourcesBuildPhase;
			buildActionMask = 2147483647;
			files = (
				A57F103C26F642E1007CFBA0 /* ContentView.swift in Sources */,
				A57F103A26F642E1007CFBA0 /* lab10App.swift in Sources */,
			);
			runOnlyForDeploymentPostprocessing = 0;
		};
/* End PBXSourcesBuildPhase section */

/* Begin XCBuildConfiguration section */
		A57F104326F642EA007CFBA0 /* Debug */ = {
			isa = XCBuildConfiguration;
			buildSettings = {
				ALWAYS_SEARCH_USER_PATHS = NO;
				CLANG_ANALYZER_NONNULL = YES;
				CLANG_ANALYZER_NUMBER_OBJECT_CONVERSION = YES_AGGRESSIVE;
				CLANG_CXX_LANGUAGE_STANDARD = "gnu++14";
				CLANG_CXX_LIBRARY = "libc++";
				CLANG_ENABLE_MODULES = YES;
				CLANG_ENABLE_OBJC_ARC = YES;
				CLANG_ENABLE_OBJC_WEAK = YES;
				CLANG_WARN_BLOCK_CAPTURE_AUTORELEASING = YES;
				CLANG_WARN_BOOL_CONVERSION = YES;
				CLANG_WARN_COMMA = YES;
				CLANG_WARN_CONSTANT_CONVERSION = YES;
				CLANG_WARN_DEPRECATED_OBJC_IMPLEMENTATIONS = YES;
				CLANG_WARN_DIRECT_OBJC_ISA_USAGE = YES_ERROR;
				CLANG_WARN_DOCUMENTATION_COMMENTS = YES;
				CLANG_WARN_EMPTY_BODY = YES;
				CLANG_WARN_ENUM_CONVERSION = YES;
				CLANG_WARN_INFINITE_RECURSION = YES;
				CLANG_WARN_INT_CONVERSION = YES;
				CLANG_WARN_NON_LITERAL_NULL_CONVERSION = YES;
				CLANG_WARN_OBJC_IMPLICIT_RETAIN_SELF = YES;
				CLANG_WARN_OBJC_LITERAL_CONVERSION = YES;
				CLANG_WARN_OBJC_ROOT_CLASS = YES_ERROR;
				CLANG_WARN_QUOTED_INCLUDE_IN_FRAMEWORK_HEADER = YES;
				CLANG_WARN_RANGE_LOOP_ANALYSIS = YES;
				CLANG_WARN_STRICT_PROTOTYPES = YES;
				CLANG_WARN_SUSPICIOUS_MOVE = YES;
				CLANG_WARN_UNGUARDED_AVAILABILITY = YES_AGGRESSIVE;
				CLANG_WARN_UNREACHABLE_CODE = YES;
				CLANG_WARN__DUPLICATE_METHOD_MATCH = YES;
				COPY_PHASE_STRIP = NO;
				DEBUG_INFORMATION_FORMAT = dwarf;
				ENABLE_STRICT_OBJC_MSGSEND = YES;
				ENABLE_TESTABILITY = YES;
				GCC_C_LANGUAGE_STANDARD = gnu11;
				GCC_DYNAMIC_NO_PIC = NO;
				GCC_NO_COMMON_BLOCKS = YES;
				GCC_OPTIMIZATION_LEVEL = 0;
				GCC_PREPROCESSOR_DEFINITIONS = (
					"DEBUG=1",
					"$(inherited)",
				);
				GCC_WARN_64_TO_32_BIT_CONVERSION = YES;
				GCC_WARN_ABOUT_RETURN_TYPE = YES_ERROR;
				GCC_WARN_UNDECLARED_SELECTOR = YES;
				GCC_WARN_UNINITIALIZED_AUTOS = YES_AGGRESSIVE;
				GCC_WARN_UNUSED_FUNCTION = YES;
				GCC_WARN_UNUSED_VARIABLE = YES;
				IPHONEOS_DEPLOYMENT_TARGET = 14.5;
				MTL_ENABLE_DEBUG_INFO = INCLUDE_SOURCE;
				MTL_FAST_MATH = YES;
				ONLY_ACTIVE_ARCH = YES;
				SDKROOT = iphoneos;
				SWIFT_ACTIVE_COMPILATION_CONDITIONS = DEBUG;
				SWIFT_OPTIMIZATION_LEVEL = "-Onone";
			};
			name = Debug;
		};
		A57F104426F642EA007CFBA0 /* Release */ = {
			isa = XCBuildConfiguration;
			buildSettings = {
				ALWAYS_SEARCH_USER_PATHS = NO;
				CLANG_ANALYZER_NONNULL = YES;
				CLANG_ANALYZER_NUMBER_OBJECT_CONVERSION = YES_AGGRESSIVE;
				CLANG_CXX_LANGUAGE_STANDARD = "gnu++14";
				CLANG_CXX_LIBRARY = "libc++";
				CLANG_ENABLE_MODULES = YES;
				CLANG_ENABLE_OBJC_ARC = YES;
				CLANG_ENABLE_OBJC_WEAK = YES;
				CLANG_WARN_BLOCK_CAPTURE_AUTORELEASING = YES;
				CLANG_WARN_BOOL_CONVERSION = YES;
				CLANG_WARN_COMMA = YES;
				CLANG_WARN_CONSTANT_CONVERSION = YES;
				CLANG_WARN_DEPRECATED_OBJC_IMPLEMENTATIONS = YES;
				CLANG_WARN_DIRECT_OBJC_ISA_USAGE = YES_ERROR;
				CLANG_WARN_DOCUMENTATION_COMMENTS = YES;
				CLANG_WARN_EMPTY_BODY = YES;
				CLANG_WARN_ENUM_CONVERSION = YES;
				CLANG_WARN_INFINITE_RECURSION = YES;
				CLANG_WARN_INT_CONVERSION = YES;
				CLANG_WARN_NON_LITERAL_NULL_CONVERSION = YES;
				CLANG_WARN_OBJC_IMPLICIT_RETAIN_SELF = YES;
				CLANG_WARN_OBJC_LITERAL_CONVERSION = YES;
				CLANG_WARN_OBJC_ROOT_CLASS = YES_ERROR;
				CLANG_WARN_QUOTED_INCLUDE_IN_FRAMEWORK_HEADER = YES;
				CLANG_WARN_RANGE_LOOP_ANALYSIS = YES;
				CLANG_WARN_STRICT_PROTOTYPES = YES;
				CLANG_WARN_SUSPICIOUS_MOVE = YES;
				CLANG_WARN_UNGUARDED_AVAILABILITY = YES_AGGRESSIVE;
				CLANG_WARN_UNREACHABLE_CODE = YES;
				CLANG_WARN__DUPLICATE_METHOD_MATCH = YES;
				COPY_PHASE_STRIP = NO;
				DEBUG_INFORMATION_FORMAT = "dwarf-with-dsym";
				ENABLE_NS_ASSERTIONS = NO;
				ENABLE_STRICT_OBJC_MSGSEND = YES;
				GCC_C_LANGUAGE_STANDARD = gnu11;
				GCC_NO_COMMON_BLOCKS = YES;
				GCC_WARN_64_TO_32_BIT_CONVERSION = YES;
				GCC_WARN_ABOUT_RETURN_TYPE = YES_ERROR;
				GCC_WARN_UNDECLARED_SELECTOR = YES;
				GCC_WARN_UNINITIALIZED_AUTOS = YES_AGGRESSIVE;
				GCC_WARN_UNUSED_FUNCTION = YES;
				GCC_WARN_UNUSED_VARIABLE = YES;
				IPHONEOS_DEPLOYMENT_TARGET = 14.5;
				MTL_ENABLE_DEBUG_INFO = NO;
				MTL_FAST_MATH = YES;
				SDKROOT = iphoneos;
				SWIFT_COMPILATION_MODE = wholemodule;
				SWIFT_OPTIMIZATION_LEVEL = "-O";
				VALIDATE_PRODUCT = YES;
			};
			name = Release;
		};
		A57F104626F642EA007CFBA0 /* Debug */ = {
			isa = XCBuildConfiguration;
			baseConfigurationReference = AF3354801D1504A32637EC86 /* Pods-lab10.debug.xcconfig */;
			buildSettings = {
				ASSETCATALOG_COMPILER_APPICON_NAME = AppIcon;
				ASSETCATALOG_COMPILER_GLOBAL_ACCENT_COLOR_NAME = AccentColor;
				CODE_SIGN_STYLE = Automatic;
				DEVELOPMENT_ASSET_PATHS = "\"lab10/Preview Content\"";
				DEVELOPMENT_TEAM = N74PUSUB38;
				ENABLE_PREVIEWS = YES;
				INFOPLIST_FILE = lab10/Info.plist;
				IPHONEOS_DEPLOYMENT_TARGET = 14.0;
				LD_RUNPATH_SEARCH_PATHS = (
					"$(inherited)",
					"@executable_path/Frameworks",
				);
				PRODUCT_BUNDLE_IDENTIFIER = com.alexrojasb.mov2.lab10;
				PRODUCT_NAME = "$(TARGET_NAME)";
				SWIFT_VERSION = 5.0;
				TARGETED_DEVICE_FAMILY = "1,2";
			};
			name = Debug;
		};
		A57F104726F642EA007CFBA0 /* Release */ = {
			isa = XCBuildConfiguration;
			baseConfigurationReference = E380195D5E68364389BFD966 /* Pods-lab10.release.xcconfig */;
			buildSettings = {
				ASSETCATALOG_COMPILER_APPICON_NAME = AppIcon;
				ASSETCATALOG_COMPILER_GLOBAL_ACCENT_COLOR_NAME = AccentColor;
				CODE_SIGN_STYLE = Automatic;
				DEVELOPMENT_ASSET_PATHS = "\"lab10/Preview Content\"";
				DEVELOPMENT_TEAM = N74PUSUB38;
				ENABLE_PREVIEWS = YES;
				INFOPLIST_FILE = lab10/Info.plist;
				IPHONEOS_DEPLOYMENT_TARGET = 14.0;
				LD_RUNPATH_SEARCH_PATHS = (
					"$(inherited)",
					"@executable_path/Frameworks",
				);
				PRODUCT_BUNDLE_IDENTIFIER = com.alexrojasb.mov2.lab10;
				PRODUCT_NAME = "$(TARGET_NAME)";
				SWIFT_VERSION = 5.0;
				TARGETED_DEVICE_FAMILY = "1,2";
			};
			name = Release;
		};
/* End XCBuildConfiguration section */

/* Begin XCConfigurationList section */
		A57F103126F642E1007CFBA0 /* Build configuration list for PBXProject "lab10" */ = {
			isa = XCConfigurationList;
			buildConfigurations = (
				A57F104326F642EA007CFBA0 /* Debug */,
				A57F104426F642EA007CFBA0 /* Release */,
			);
			defaultConfigurationIsVisible = 0;
			defaultConfigurationName = Release;
		};
		A57F104526F642EA007CFBA0 /* Build configuration list for PBXNativeTarget "lab10" */ = {
			isa = XCConfigurationList;
			buildConfigurations = (
				A57F104626F642EA007CFBA0 /* Debug */,
				A57F104726F642EA007CFBA0 /* Release */,
			);
			defaultConfigurationIsVisible = 0;
			defaultConfigurationName = Release;
		};
/* End XCConfigurationList section */
	};
	rootObject = A57F102E26F642E1007CFBA0 /* Project object */;
}
